
Microsoft Visual Studio Solution File, Format Version 12.00
# Visual Studio Version 17
VisualStudioVersion = 17.0.31912.275
MinimumVisualStudioVersion = 10.0.40219.1
Project("{FAE04EC0-301F-11D3-BF4B-00C04F79EFBC}") = "WebApplicationASP.NetCore", "WebApplicationASP.NetCore.csproj", "{B7E6DB8C-2927-45C7-A0EB-DEC0A750BAD5}"
EndProject
Global
	GlobalSection(SolutionConfigurationPlatforms) = preSolution
		Debug|Any CPU = Debug|Any CPU
		Release|Any CPU = Release|Any CPU
	EndGlobalSection
	GlobalSection(ProjectConfigurationPlatforms) = postSolution
		{B7E6DB8C-2927-45C7-A0EB-DEC0A750BAD5}.Debug|Any CPU.ActiveCfg = Debug|Any CPU
		{B7E6DB8C-2927-45C7-A0EB-DEC0A750BAD5}.Debug|Any CPU.Build.0 = Debug|Any CPU
		{B7E6DB8C-2927-45C7-A0EB-DEC0A750BAD5}.Release|Any CPU.ActiveCfg = Release|Any CPU
		{B7E6DB8C-2927-45C7-A0EB-DEC0A750BAD5}.Release|Any CPU.Build.0 = Release|Any CPU
	EndGlobalSection
	GlobalSection(SolutionProperties) = preSolution
		HideSolutionNode = FALSE
	EndGlobalSection
	GlobalSection(ExtensibilityGlobals) = postSolution
		SolutionGuid = {83BAB80A-86FB-4449-88EC-9D407353D9E4}
	EndGlobalSection
EndGlobal
